
Microsoft Visual Studio Solution File, Format Version 12.00
# Visual Studio Version 16
VisualStudioVersion = 25.0.1704.2
MinimumVisualStudioVersion = 10.0.40219.1
Project("{FAE04EC0-301F-11D3-BF4B-00C04F79EFBC}") = "Roulette", "Roulette\Roulette.csproj", "{78659427-E809-41A5-84BD-D4A71399020F}"
EndProject
Global
	GlobalSection(SolutionConfigurationPlatforms) = preSolution
		Debug|Any CPU = Debug|Any CPU
		Release|Any CPU = Release|Any CPU
	EndGlobalSection
	GlobalSection(ProjectConfigurationPlatforms) = postSolution
		{78659427-E809-41A5-84BD-D4A71399020F}.Debug|Any CPU.ActiveCfg = Debug|Any CPU
		{78659427-E809-41A5-84BD-D4A71399020F}.Debug|Any CPU.Build.0 = Debug|Any CPU
		{78659427-E809-41A5-84BD-D4A71399020F}.Release|Any CPU.ActiveCfg = Release|Any CPU
		{78659427-E809-41A5-84BD-D4A71399020F}.Release|Any CPU.Build.0 = Release|Any CPU
	EndGlobalSection
	GlobalSection(SolutionProperties) = preSolution
		HideSolutionNode = FALSE
	EndGlobalSection
	GlobalSection(ExtensibilityGlobals) = postSolution
		SolutionGuid = {F6A54F03-0DF0-4581-9666-7071D3D846F6}
	EndGlobalSection
EndGlobal
